<?xml version="1.0"?>
<!DOCTYPE CodeBlocks_project_file>
<CodeBlocks_project_file>
	<FileVersion major="1" minor="1"/>
	<Project>
		<Option title="Wokjab"/>
		<Option makefile="Makefile"/>
		<Option makefile_is_custom="0"/>
		<Option compiler="0"/>
		<Build>
			<Target title="default">
				<Option output="wokjab.exe"/>
				<Option working_dir="."/>
				<Option object_output=".objs"/>
				<Option deps_output=".deps"/>
				<Option type="0"/>
				<Option compiler="0"/>
				<Option projectResourceIncludeDirsRelation="0"/>
			</Target>
			<Target title="config.dll">
				<Option output="plugin\system\config.dll"/>
				<Option working_dir="."/>
				<Option object_output=".objs"/>
				<Option deps_output=".deps"/>
				<Option type="3"/>
				<Option compiler="0"/>
				<Option createDefFile="1"/>
				<Option createStaticLib="1"/>
			</Target>
			<Target title="GtkMenu">
				<Option output="plugin\normal\GtkMenu.dll"/>
				<Option working_dir="."/>
				<Option object_output=".objs"/>
				<Option deps_output=".deps"/>
				<Option type="3"/>
				<Option compiler="0"/>
				<Option createDefFile="1"/>
				<Option createStaticLib="1"/>
			</Target>
			<Target title="DebugWindow">
				<Option output="plugin\normal\DebugWindow.dll"/>
				<Option working_dir="."/>
				<Option object_output=".objs"/>
				<Option deps_output=".deps"/>
				<Option type="3"/>
				<Option compiler="0"/>
				<Option createDefFile="1"/>
				<Option createStaticLib="1"/>
			</Target>
			<Target title="JabberConnection">
				<Option output="plugin\normal\jabberconnection.dll"/>
				<Option working_dir="."/>
				<Option object_output=".objs"/>
				<Option deps_output=".deps"/>
				<Option type="3"/>
				<Option compiler="0"/>
				<Option createDefFile="1"/>
				<Option createStaticLib="1"/>
			</Target>
			<Target title="Jabber">
				<Option output="plugin\normal\jabber.dll"/>
				<Option working_dir="."/>
				<Option object_output=".objs"/>
				<Option deps_output=".deps"/>
				<Option type="3"/>
				<Option compiler="0"/>
				<Option createDefFile="1"/>
				<Option createStaticLib="1"/>
			</Target>
			<Target title="JabberRoster">
				<Option output="plugin\normal\JabberRoster.dll"/>
				<Option working_dir="."/>
				<Option object_output=".objs"/>
				<Option deps_output=".deps"/>
				<Option type="3"/>
				<Option compiler="0"/>
				<Option createDefFile="1"/>
				<Option createStaticLib="1"/>
			</Target>
			<Target title="GUIRoster">
				<Option output="plugin\normal\GUIRoster.dll"/>
				<Option working_dir="."/>
				<Option object_output=".objs"/>
				<Option deps_output=".deps"/>
				<Option type="3"/>
				<Option compiler="0"/>
				<Option createDefFile="1"/>
				<Option createStaticLib="1"/>
			</Target>
			<Target title="GtkPreference">
				<Option output="plugin\normal\gtkpreference.dll"/>
				<Option working_dir="."/>
				<Option object_output=".objs"/>
				<Option deps_output=".deps"/>
				<Option type="3"/>
				<Option compiler="0"/>
				<Option createDefFile="1"/>
				<Option createStaticLib="1"/>
			</Target>
			<Target title="Reversi">
				<Option output="plugin\normal\reversi.dll"/>
				<Option working_dir="."/>
				<Option object_output=".objs"/>
				<Option deps_output=".deps"/>
				<Option type="3"/>
				<Option compiler="0"/>
				<Option createDefFile="1"/>
				<Option createStaticLib="1"/>
			</Target>
			<Target title="jep0050-AdHocCommands">
				<Option output="plugin\normal\jep0050AdHocCommands.dll"/>
				<Option working_dir="."/>
				<Option object_output=".objs"/>
				<Option deps_output=".deps"/>
				<Option type="3"/>
				<Option compiler="0"/>
				<Option createDefFile="1"/>
				<Option createStaticLib="1"/>
			</Target>
			<Target title="jep0004-xdata">
				<Option output="plugin\normal\jep0004xdata.dll"/>
				<Option working_dir="."/>
				<Option object_output=".objs"/>
				<Option deps_output=".deps"/>
				<Option type="3"/>
				<Option compiler="0"/>
				<Option createDefFile="1"/>
				<Option createStaticLib="1"/>
				<Compiler>
					<Add option="-Iplugins/jep0004-xdata/"/>
				</Compiler>
			</Target>
			<Target title="WoklibGroupchat">
				<Option output="plugin\normal\woklibgroupchat.dll"/>
				<Option working_dir="."/>
				<Option object_output=".objs"/>
				<Option deps_output=".deps"/>
				<Option type="3"/>
				<Option compiler="0"/>
				<Option createDefFile="1"/>
				<Option createStaticLib="1"/>
			</Target>
			<Target title="Groupchat">
				<Option output="plugin\normal\groupchat.dll"/>
				<Option working_dir="."/>
				<Option object_output=".objs"/>
				<Option deps_output=".deps"/>
				<Option type="3"/>
				<Option compiler="0"/>
				<Option createDefFile="1"/>
				<Option createStaticLib="1"/>
			</Target>
		</Build>
		<Unit filename="plugins\Config\Config.cc">
			<Option compilerVar="CC"/>
			<Option target="config.dll"/>
		</Unit>
		<Unit filename="plugins\Config\Config.h">
			<Option compilerVar=""/>
			<Option compile="0"/>
			<Option link="0"/>
			<Option target="config.dll"/>
		</Unit>
		<Unit filename="plugins\Config\main.cc">
			<Option compilerVar="CC"/>
			<Option target="config.dll"/>
		</Unit>
		<Unit filename="plugins\DisplayGtk\src\DisplayGtk.cc">
			<Option compilerVar="CC"/>
			<Option target="DebugWindow"/>
		</Unit>
		<Unit filename="plugins\DisplayGtk\src\DisplayGtk.h">
			<Option compilerVar=""/>
			<Option compile="0"/>
			<Option link="0"/>
			<Option target="DebugWindow"/>
		</Unit>
		<Unit filename="plugins\DisplayGtk\src\DisplayWidget.cc">
			<Option compilerVar="CC"/>
			<Option target="DebugWindow"/>
		</Unit>
		<Unit filename="plugins\DisplayGtk\src\DisplayWidget.h">
			<Option compilerVar=""/>
			<Option compile="0"/>
			<Option link="0"/>
			<Option target="DebugWindow"/>
		</Unit>
		<Unit filename="plugins\DisplayGtk\src\InputDialog.cc">
			<Option compilerVar="CC"/>
			<Option target="DebugWindow"/>
		</Unit>
		<Unit filename="plugins\DisplayGtk\src\InputDialog.h">
			<Option compilerVar=""/>
			<Option compile="0"/>
			<Option link="0"/>
			<Option target="DebugWindow"/>
		</Unit>
		<Unit filename="plugins\DisplayGtk\src\SignalGenDialog.cc">
			<Option compilerVar="CC"/>
			<Option target="DebugWindow"/>
		</Unit>
		<Unit filename="plugins\DisplayGtk\src\SignalGenDialog.h">
			<Option compilerVar=""/>
			<Option compile="0"/>
			<Option link="0"/>
			<Option target="DebugWindow"/>
		</Unit>
		<Unit filename="plugins\DisplayGtk\src\main.cc">
			<Option compilerVar="CC"/>
			<Option target="DebugWindow"/>
		</Unit>
		<Unit filename="plugins\GUIRoster\GUIRoster.cc">
			<Option compilerVar="CC"/>
			<Option target="GUIRoster"/>
		</Unit>
		<Unit filename="plugins\GUIRoster\GUIRoster.h">
			<Option compilerVar=""/>
			<Option compile="0"/>
			<Option link="0"/>
			<Option target="GUIRoster"/>
		</Unit>
		<Unit filename="plugins\GUIRoster\RosterItem.cc">
			<Option compilerVar="CC"/>
			<Option target="GUIRoster"/>
		</Unit>
		<Unit filename="plugins\GUIRoster\RosterItem.h">
			<Option compilerVar=""/>
			<Option compile="0"/>
			<Option link="0"/>
			<Option target="GUIRoster"/>
		</Unit>
		<Unit filename="plugins\GUIRoster\main.cc">
			<Option compilerVar="CC"/>
			<Option target="GUIRoster"/>
		</Unit>
		<Unit filename="plugins\GtkMenu\gtkmenu.cc">
			<Option compilerVar="CC"/>
			<Option target="GtkMenu"/>
		</Unit>
		<Unit filename="plugins\GtkMenu\gtkmenu.h">
			<Option compilerVar=""/>
			<Option compile="0"/>
			<Option link="0"/>
			<Option target="GtkMenu"/>
		</Unit>
		<Unit filename="plugins\GtkMenu\main.cc">
			<Option compilerVar="CC"/>
			<Option target="GtkMenu"/>
		</Unit>
		<Unit filename="plugins\GtkPreference\GtkPBool.cc">
			<Option compilerVar="CC"/>
			<Option target="GtkPreference"/>
		</Unit>
		<Unit filename="plugins\GtkPreference\GtkPBool.h">
			<Option compilerVar=""/>
			<Option compile="0"/>
			<Option link="0"/>
			<Option target="GtkPreference"/>
		</Unit>
		<Unit filename="plugins\GtkPreference\GtkPCommon.cc">
			<Option compilerVar="CC"/>
			<Option target="GtkPreference"/>
		</Unit>
		<Unit filename="plugins\GtkPreference\GtkPCommon.h">
			<Option compilerVar=""/>
			<Option compile="0"/>
			<Option link="0"/>
			<Option target="GtkPreference"/>
		</Unit>
		<Unit filename="plugins\GtkPreference\GtkPPassword.cc">
			<Option compilerVar="CC"/>
			<Option target="GtkPreference"/>
		</Unit>
		<Unit filename="plugins\GtkPreference\GtkPPassword.h">
			<Option compilerVar=""/>
			<Option compile="0"/>
			<Option link="0"/>
			<Option target="GtkPreference"/>
		</Unit>
		<Unit filename="plugins\GtkPreference\GtkPString.cc">
			<Option compilerVar="CC"/>
			<Option target="GtkPreference"/>
		</Unit>
		<Unit filename="plugins\GtkPreference\GtkPString.h">
			<Option compilerVar=""/>
			<Option compile="0"/>
			<Option link="0"/>
			<Option target="GtkPreference"/>
		</Unit>
		<Unit filename="plugins\GtkPreference\GtkPText.cc">
			<Option compilerVar="CC"/>
			<Option target="GtkPreference"/>
		</Unit>
		<Unit filename="plugins\GtkPreference\GtkPText.h">
			<Option compilerVar=""/>
			<Option compile="0"/>
			<Option link="0"/>
			<Option target="GtkPreference"/>
		</Unit>
		<Unit filename="plugins\GtkPreference\GtkPreference.cc">
			<Option compilerVar="CC"/>
			<Option target="GtkPreference"/>
		</Unit>
		<Unit filename="plugins\GtkPreference\GtkPreference.h">
			<Option compilerVar=""/>
			<Option compile="0"/>
			<Option link="0"/>
			<Option target="GtkPreference"/>
		</Unit>
		<Unit filename="plugins\GtkPreference\main.cc">
			<Option compilerVar="CC"/>
			<Option target="GtkPreference"/>
		</Unit>
		<Unit filename="plugins\JabberConnection\Connection.cc">
			<Option compilerVar="CC"/>
			<Option target="JabberConnection"/>
		</Unit>
		<Unit filename="plugins\JabberConnection\Connection.h">
			<Option compilerVar=""/>
			<Option compile="0"/>
			<Option link="0"/>
			<Option target="JabberConnection"/>
		</Unit>
		<Unit filename="plugins\JabberConnection\IQAuthManager.cc">
			<Option compilerVar="CC"/>
			<Option target="JabberConnection"/>
		</Unit>
		<Unit filename="plugins\JabberConnection\IQAuthManager.h">
			<Option compilerVar=""/>
			<Option compile="0"/>
			<Option link="0"/>
			<Option target="JabberConnection"/>
		</Unit>
		<Unit filename="plugins\JabberConnection\IQ_auth.cc">
			<Option compilerVar="CC"/>
			<Option target="JabberConnection"/>
		</Unit>
		<Unit filename="plugins\JabberConnection\IQauth.h">
			<Option compilerVar=""/>
			<Option compile="0"/>
			<Option link="0"/>
			<Option target="JabberConnection"/>
		</Unit>
		<Unit filename="plugins\JabberConnection\Jabber.cc">
			<Option compilerVar="CC"/>
			<Option target="JabberConnection"/>
		</Unit>
		<Unit filename="plugins\JabberConnection\Jabber.h">
			<Option compilerVar=""/>
			<Option compile="0"/>
			<Option link="0"/>
			<Option target="JabberConnection"/>
		</Unit>
		<Unit filename="plugins\JabberConnection\SSL.cc">
			<Option compilerVar="CC"/>
			<Option target="JabberConnection"/>
		</Unit>
		<Unit filename="plugins\JabberConnection\SSL.h">
			<Option compilerVar=""/>
			<Option compile="0"/>
			<Option link="0"/>
			<Option target="JabberConnection"/>
		</Unit>
		<Unit filename="plugins\JabberConnection\XML_Input.cc">
			<Option compilerVar="CC"/>
			<Option target="JabberConnection"/>
		</Unit>
		<Unit filename="plugins\JabberConnection\XML_Input.h">
			<Option compilerVar=""/>
			<Option compile="0"/>
			<Option link="0"/>
			<Option target="JabberConnection"/>
		</Unit>
		<Unit filename="plugins\JabberConnection\XML_Output.cc">
			<Option compilerVar="CC"/>
			<Option target="JabberConnection"/>
		</Unit>
		<Unit filename="plugins\JabberConnection\XML_Output.h">
			<Option compilerVar=""/>
			<Option compile="0"/>
			<Option link="0"/>
			<Option target="JabberConnection"/>
		</Unit>
		<Unit filename="plugins\JabberConnection\main.cc">
			<Option compilerVar="CC"/>
			<Option target="JabberConnection"/>
		</Unit>
		<Unit filename="plugins\JabberConnection\staticfunctions.cc">
			<Option compilerVar="CC"/>
			<Option target="JabberConnection"/>
		</Unit>
		<Unit filename="plugins\JabberConnection\staticfunctions.h">
			<Option compilerVar=""/>
			<Option compile="0"/>
			<Option link="0"/>
			<Option target="JabberConnection"/>
		</Unit>
		<Unit filename="plugins\JabberRoster\Group.cc">
			<Option compilerVar="CC"/>
			<Option target="JabberRoster"/>
		</Unit>
		<Unit filename="plugins\JabberRoster\Group.h">
			<Option compilerVar=""/>
			<Option compile="0"/>
			<Option link="0"/>
			<Option target="JabberRoster"/>
		</Unit>
		<Unit filename="plugins\JabberRoster\JabberRoster.cc">
			<Option compilerVar="CC"/>
			<Option target="JabberRoster"/>
		</Unit>
		<Unit filename="plugins\JabberRoster\JabberRoster.h">
			<Option compilerVar=""/>
			<Option compile="0"/>
			<Option link="0"/>
			<Option target="JabberRoster"/>
		</Unit>
		<Unit filename="plugins\JabberRoster\JabberSession.cc">
			<Option compilerVar="CC"/>
			<Option target="JabberRoster"/>
		</Unit>
		<Unit filename="plugins\JabberRoster\JabberSession.h">
			<Option compilerVar=""/>
			<Option compile="0"/>
			<Option link="0"/>
			<Option target="JabberRoster"/>
		</Unit>
		<Unit filename="plugins\JabberRoster\User.cc">
			<Option compilerVar="CC"/>
			<Option target="JabberRoster"/>
		</Unit>
		<Unit filename="plugins\JabberRoster\User.h">
			<Option compilerVar=""/>
			<Option compile="0"/>
			<Option link="0"/>
			<Option target="JabberRoster"/>
		</Unit>
		<Unit filename="plugins\JabberRoster\main.cc">
			<Option compilerVar="CC"/>
			<Option target="JabberRoster"/>
		</Unit>
		<Unit filename="plugins\Jabber\IQHandler.cc">
			<Option compilerVar="CC"/>
			<Option target="Jabber"/>
		</Unit>
		<Unit filename="plugins\Jabber\IQHandler.h">
			<Option compilerVar=""/>
			<Option compile="0"/>
			<Option link="0"/>
			<Option target="Jabber"/>
		</Unit>
		<Unit filename="plugins\Jabber\IQSetRoster.cc">
			<Option compilerVar="CC"/>
			<Option target="Jabber"/>
		</Unit>
		<Unit filename="plugins\Jabber\IQSetRoster.h">
			<Option compilerVar=""/>
			<Option compile="0"/>
			<Option link="0"/>
			<Option target="Jabber"/>
		</Unit>
		<Unit filename="plugins\Jabber\Jabber.cc">
			<Option compilerVar="CC"/>
			<Option target="Jabber"/>
		</Unit>
		<Unit filename="plugins\Jabber\Jabber.h">
			<Option compilerVar=""/>
			<Option compile="0"/>
			<Option link="0"/>
			<Option target="Jabber"/>
		</Unit>
		<Unit filename="plugins\Jabber\MessageHook.cc">
			<Option compilerVar="CC"/>
			<Option target="Jabber"/>
		</Unit>
		<Unit filename="plugins\Jabber\MessageHook.h">
			<Option compilerVar=""/>
			<Option compile="0"/>
			<Option link="0"/>
			<Option target="Jabber"/>
		</Unit>
		<Unit filename="plugins\Jabber\Presence.cc">
			<Option compilerVar="CC"/>
			<Option target="Jabber"/>
		</Unit>
		<Unit filename="plugins\Jabber\Presence.h">
			<Option compilerVar=""/>
			<Option compile="0"/>
			<Option link="0"/>
			<Option target="Jabber"/>
		</Unit>
		<Unit filename="plugins\Jabber\main.cc">
			<Option compilerVar="CC"/>
			<Option target="Jabber"/>
		</Unit>
		<Unit filename="plugins\Reversi\Game.cc">
			<Option compilerVar="CC"/>
			<Option target="Reversi"/>
		</Unit>
		<Unit filename="plugins\Reversi\Game.h">
			<Option compilerVar=""/>
			<Option compile="0"/>
			<Option link="0"/>
			<Option target="Reversi"/>
		</Unit>
		<Unit filename="plugins\Reversi\ReversiHandler.cc">
			<Option compilerVar="CC"/>
			<Option target="Reversi"/>
		</Unit>
		<Unit filename="plugins\Reversi\ReversiHandler.h">
			<Option compilerVar=""/>
			<Option compile="0"/>
			<Option link="0"/>
			<Option target="Reversi"/>
		</Unit>
		<Unit filename="plugins\Reversi\main.cc">
			<Option compilerVar="CC"/>
			<Option target="Reversi"/>
		</Unit>
		<Unit filename="plugins\groupchat-plugin\src\GroupChatJoinWindow.cc">
			<Option compilerVar="CC"/>
			<Option target="Groupchat"/>
		</Unit>
		<Unit filename="plugins\groupchat-plugin\src\GroupChatJoinWindow.h">
			<Option compilerVar=""/>
			<Option compile="0"/>
			<Option link="0"/>
			<Option target="Groupchat"/>
		</Unit>
		<Unit filename="plugins\groupchat-plugin\src\GroupChatRoster.cc">
			<Option compilerVar="CC"/>
			<Option target="Groupchat"/>
		</Unit>
		<Unit filename="plugins\groupchat-plugin\src\GroupChatRoster.h">
			<Option compilerVar=""/>
			<Option compile="0"/>
			<Option link="0"/>
			<Option target="Groupchat"/>
		</Unit>
		<Unit filename="plugins\groupchat-plugin\src\GroupChatTooltip.cc">
			<Option compilerVar="CC"/>
			<Option target="Groupchat"/>
		</Unit>
		<Unit filename="plugins\groupchat-plugin\src\GroupChatTooltip.h">
			<Option compilerVar=""/>
			<Option compile="0"/>
			<Option link="0"/>
			<Option target="Groupchat"/>
		</Unit>
		<Unit filename="plugins\groupchat-plugin\src\GroupChatWidget.cc">
			<Option compilerVar="CC"/>
			<Option target="Groupchat"/>
		</Unit>
		<Unit filename="plugins\groupchat-plugin\src\GroupChatWidget.h">
			<Option compilerVar=""/>
			<Option compile="0"/>
			<Option link="0"/>
			<Option target="Groupchat"/>
		</Unit>
		<Unit filename="plugins\groupchat-plugin\src\groupchat.cc">
			<Option compilerVar="CC"/>
			<Option target="Groupchat"/>
		</Unit>
		<Unit filename="plugins\groupchat-plugin\src\groupchat.h">
			<Option compilerVar=""/>
			<Option compile="0"/>
			<Option link="0"/>
			<Option target="Groupchat"/>
		</Unit>
		<Unit filename="plugins\groupchat-plugin\src\main.cc">
			<Option compilerVar="CC"/>
			<Option target="Groupchat"/>
		</Unit>
		<Unit filename="plugins\groupchat-plugin\src\ownerwidget.cc">
			<Option compilerVar="CC"/>
			<Option target="Groupchat"/>
		</Unit>
		<Unit filename="plugins\groupchat-plugin\src\ownerwidget.h">
			<Option compilerVar=""/>
			<Option compile="0"/>
			<Option link="0"/>
			<Option target="Groupchat"/>
		</Unit>
		<Unit filename="plugins\jep0004-xdata\include\WokJabxdataWidget.h">
			<Option compilerVar=""/>
			<Option compile="0"/>
			<Option link="0"/>
			<Option target="jep0004-xdata"/>
		</Unit>
		<Unit filename="plugins\jep0004-xdata\include\WokJabxdatahandler.h">
			<Option compilerVar=""/>
			<Option compile="0"/>
			<Option link="0"/>
			<Option target="jep0004-xdata"/>
		</Unit>
		<Unit filename="plugins\jep0004-xdata\include\xdatabase.h">
			<Option compilerVar=""/>
			<Option compile="0"/>
			<Option link="0"/>
			<Option target="jep0004-xdata"/>
		</Unit>
		<Unit filename="plugins\jep0004-xdata\include\xdatabool.h">
			<Option compilerVar=""/>
			<Option compile="0"/>
			<Option link="0"/>
			<Option target="jep0004-xdata"/>
		</Unit>
		<Unit filename="plugins\jep0004-xdata\include\xdatafixed.h">
			<Option compilerVar=""/>
			<Option compile="0"/>
			<Option link="0"/>
			<Option target="jep0004-xdata"/>
		</Unit>
		<Unit filename="plugins\jep0004-xdata\include\xdatahidden.h">
			<Option compilerVar=""/>
			<Option compile="0"/>
			<Option link="0"/>
			<Option target="jep0004-xdata"/>
		</Unit>
		<Unit filename="plugins\jep0004-xdata\include\xdatamultitext.h">
			<Option compilerVar=""/>
			<Option compile="0"/>
			<Option link="0"/>
			<Option target="jep0004-xdata"/>
		</Unit>
		<Unit filename="plugins\jep0004-xdata\include\xdatasinglelist.h">
			<Option compilerVar=""/>
			<Option compile="0"/>
			<Option link="0"/>
			<Option target="jep0004-xdata"/>
		</Unit>
		<Unit filename="plugins\jep0004-xdata\include\xdatasingleprivate.h">
			<Option compilerVar=""/>
			<Option compile="0"/>
			<Option link="0"/>
			<Option target="jep0004-xdata"/>
		</Unit>
		<Unit filename="plugins\jep0004-xdata\include\xdatasingletext.h">
			<Option compilerVar=""/>
			<Option compile="0"/>
			<Option link="0"/>
			<Option target="jep0004-xdata"/>
		</Unit>
		<Unit filename="plugins\jep0004-xdata\include\xdataunknown.h">
			<Option compilerVar=""/>
			<Option compile="0"/>
			<Option link="0"/>
			<Option target="jep0004-xdata"/>
		</Unit>
		<Unit filename="plugins\jep0004-xdata\src\WokJabxdataWidget.cc">
			<Option compilerVar="CC"/>
			<Option target="jep0004-xdata"/>
		</Unit>
		<Unit filename="plugins\jep0004-xdata\src\WokJabxdatahandler.cc">
			<Option compilerVar="CC"/>
			<Option target="jep0004-xdata"/>
		</Unit>
		<Unit filename="plugins\jep0004-xdata\src\main.cc">
			<Option compilerVar="CC"/>
			<Option target="jep0004-xdata"/>
		</Unit>
		<Unit filename="plugins\jep0004-xdata\src\xdatabase.cc">
			<Option compilerVar="CC"/>
			<Option target="jep0004-xdata"/>
		</Unit>
		<Unit filename="plugins\jep0004-xdata\src\xdatabool.cc">
			<Option compilerVar="CC"/>
			<Option target="jep0004-xdata"/>
		</Unit>
		<Unit filename="plugins\jep0004-xdata\src\xdatafixed.cc">
			<Option compilerVar="CC"/>
			<Option target="jep0004-xdata"/>
		</Unit>
		<Unit filename="plugins\jep0004-xdata\src\xdatahidden.cc">
			<Option compilerVar="CC"/>
			<Option target="jep0004-xdata"/>
		</Unit>
		<Unit filename="plugins\jep0004-xdata\src\xdatamultitext.cc">
			<Option compilerVar="CC"/>
			<Option target="jep0004-xdata"/>
		</Unit>
		<Unit filename="plugins\jep0004-xdata\src\xdatasinglelist.cc">
			<Option compilerVar="CC"/>
			<Option target="jep0004-xdata"/>
		</Unit>
		<Unit filename="plugins\jep0004-xdata\src\xdatasingleprivate.cc">
			<Option compilerVar="CC"/>
			<Option target="jep0004-xdata"/>
		</Unit>
		<Unit filename="plugins\jep0004-xdata\src\xdatasingletext.cc">
			<Option compilerVar="CC"/>
			<Option target="jep0004-xdata"/>
		</Unit>
		<Unit filename="plugins\jep0004-xdata\src\xdataunknown.cc">
			<Option compilerVar="CC"/>
			<Option target="jep0004-xdata"/>
		</Unit>
		<Unit filename="plugins\jep0050-AdHocCommands\AdHoc.cc">
			<Option compilerVar="CC"/>
			<Option target="jep0050-AdHocCommands"/>
		</Unit>
		<Unit filename="plugins\jep0050-AdHocCommands\AdHoc.h">
			<Option compilerVar=""/>
			<Option compile="0"/>
			<Option link="0"/>
			<Option target="jep0050-AdHocCommands"/>
		</Unit>
		<Unit filename="plugins\jep0050-AdHocCommands\AdHocSession.cc">
			<Option compilerVar="CC"/>
			<Option target="jep0050-AdHocCommands"/>
		</Unit>
		<Unit filename="plugins\jep0050-AdHocCommands\AdHocSession.h">
			<Option compilerVar=""/>
			<Option compile="0"/>
			<Option link="0"/>
			<Option target="jep0050-AdHocCommands"/>
		</Unit>
		<Unit filename="plugins\jep0050-AdHocCommands\AdHocWid.cc">
			<Option compilerVar="CC"/>
			<Option target="jep0050-AdHocCommands"/>
		</Unit>
		<Unit filename="plugins\jep0050-AdHocCommands\AdHocWid.h">
			<Option compilerVar=""/>
			<Option compile="0"/>
			<Option link="0"/>
			<Option target="jep0050-AdHocCommands"/>
		</Unit>
		<Unit filename="plugins\jep0050-AdHocCommands\main.cc">
			<Option compilerVar="CC"/>
			<Option target="jep0050-AdHocCommands"/>
		</Unit>
		<Unit filename="plugins\woklib-groupchat\include\GroupChat.h">
			<Option compilerVar=""/>
			<Option compile="0"/>
			<Option link="0"/>
			<Option target="WoklibGroupchat"/>
		</Unit>
		<Unit filename="plugins\woklib-groupchat\include\MUCServer.h">
			<Option compilerVar=""/>
			<Option compile="0"/>
			<Option link="0"/>
			<Option target="WoklibGroupchat"/>
		</Unit>
		<Unit filename="plugins\woklib-groupchat\src\GroupChat.cc">
			<Option compilerVar="CC"/>
			<Option target="WoklibGroupchat"/>
		</Unit>
		<Unit filename="plugins\woklib-groupchat\src\MUCServer.cc">
			<Option compilerVar="CC"/>
			<Option target="WoklibGroupchat"/>
		</Unit>
		<Unit filename="plugins\woklib-groupchat\src\main.cc">
			<Option compilerVar="CC"/>
			<Option target="WoklibGroupchat"/>
		</Unit>
		<Unit filename="wokjab\include\GUIAddJIDWidget.h">
			<Option compilerVar=""/>
			<Option compile="0"/>
			<Option link="0"/>
			<Option target="default"/>
		</Unit>
		<Unit filename="wokjab\include\GUIConnectWindow.h">
			<Option compilerVar=""/>
			<Option compile="0"/>
			<Option link="0"/>
			<Option target="default"/>
		</Unit>
		<Unit filename="wokjab\include\GUIMessageHandler.h">
			<Option compilerVar=""/>
			<Option compile="0"/>
			<Option link="0"/>
			<Option target="default"/>
		</Unit>
		<Unit filename="wokjab\include\GUIMessageWidget.h">
			<Option compilerVar=""/>
			<Option compile="0"/>
			<Option link="0"/>
			<Option target="default"/>
		</Unit>
		<Unit filename="wokjab\include\GUIPluginWindow.h">
			<Option compilerVar=""/>
			<Option compile="0"/>
			<Option link="0"/>
			<Option target="default"/>
		</Unit>
		<Unit filename="wokjab\include\GUIPresentReqWidget.h">
			<Option compilerVar=""/>
			<Option compile="0"/>
			<Option link="0"/>
			<Option target="default"/>
		</Unit>
		<Unit filename="wokjab\include\GUIRoster.h">
			<Option compilerVar=""/>
			<Option compile="0"/>
			<Option link="0"/>
			<Option target="default"/>
		</Unit>
		<Unit filename="wokjab\include\GUIRosterItem.h">
			<Option compilerVar=""/>
			<Option compile="0"/>
			<Option link="0"/>
			<Option target="default"/>
		</Unit>
		<Unit filename="wokjab\include\GUIWindow.h">
			<Option compilerVar=""/>
			<Option compile="0"/>
			<Option link="0"/>
			<Option target="default"/>
		</Unit>
		<Unit filename="wokjab\include\GUIWindowDock.h">
			<Option compilerVar=""/>
			<Option compile="0"/>
			<Option link="0"/>
			<Option target="default"/>
		</Unit>
		<Unit filename="wokjab\include\Group.h">
			<Option compilerVar=""/>
			<Option compile="0"/>
			<Option link="0"/>
			<Option target="default"/>
		</Unit>
		<Unit filename="wokjab\include\Initiat.h">
			<Option compilerVar=""/>
			<Option compile="0"/>
			<Option link="0"/>
			<Option target="default"/>
		</Unit>
		<Unit filename="wokjab\include\Resource.h">
			<Option compilerVar=""/>
			<Option compile="0"/>
			<Option link="0"/>
			<Option target="default"/>
		</Unit>
		<Unit filename="wokjab\include\Roster.h">
			<Option compilerVar=""/>
			<Option compile="0"/>
			<Option link="0"/>
			<Option target="default"/>
		</Unit>
		<Unit filename="wokjab\include\User.h">
			<Option compilerVar=""/>
			<Option compile="0"/>
			<Option link="0"/>
			<Option target="default"/>
		</Unit>
		<Unit filename="wokjab\include\Win32GtkPlug.h">
			<Option compilerVar=""/>
			<Option compile="0"/>
			<Option link="0"/>
			<Option target="default"/>
		</Unit>
		<Unit filename="wokjab\include\main.h">
			<Option compilerVar=""/>
			<Option compile="0"/>
			<Option link="0"/>
			<Option target="default"/>
		</Unit>
		<Unit filename="wokjab\src\GUIAddJIDWidget.cc">
			<Option compilerVar="CC"/>
			<Option target="default"/>
		</Unit>
		<Unit filename="wokjab\src\GUIConnectWindow.cc">
			<Option compilerVar="CC"/>
			<Option target="default"/>
		</Unit>
		<Unit filename="wokjab\src\GUIMessageHandler.cc">
			<Option compilerVar="CC"/>
			<Option target="default"/>
		</Unit>
		<Unit filename="wokjab\src\GUIMessageWidget.cc">
			<Option compilerVar="CC"/>
			<Option target="default"/>
		</Unit>
		<Unit filename="wokjab\src\GUIPluginWindow.cc">
			<Option compilerVar="CC"/>
			<Option target="default"/>
		</Unit>
		<Unit filename="wokjab\src\GUIPresentReqWidget.cc">
			<Option compilerVar="CC"/>
			<Option target="default"/>
		</Unit>
		<Unit filename="wokjab\src\GUIRoster.cc">
			<Option compilerVar="CC"/>
			<Option target="default"/>
		</Unit>
		<Unit filename="wokjab\src\GUIRosterItem.cc">
			<Option compilerVar="CC"/>
			<Option target="default"/>
		</Unit>
		<Unit filename="wokjab\src\GUIWindow.cc">
			<Option compilerVar="CC"/>
			<Option target="default"/>
		</Unit>
		<Unit filename="wokjab\src\GUIWindowDock.cc">
			<Option compilerVar="CC"/>
			<Option target="default"/>
		</Unit>
		<Unit filename="wokjab\src\Group.cc">
			<Option compilerVar="CC"/>
			<Option target="default"/>
		</Unit>
		<Unit filename="wokjab\src\Initiat.cc">
			<Option compilerVar="CC"/>
			<Option target="default"/>
		</Unit>
		<Unit filename="wokjab\src\Resource.cc">
			<Option compilerVar="CC"/>
			<Option target="default"/>
		</Unit>
		<Unit filename="wokjab\src\Roster.cc">
			<Option compilerVar="CC"/>
			<Option target="default"/>
		</Unit>
		<Unit filename="wokjab\src\User.cc">
			<Option compilerVar="CC"/>
			<Option target="default"/>
		</Unit>
		<Unit filename="wokjab\src\Win32GtkPlug.cc">
			<Option compilerVar="CC"/>
			<Option target="default"/>
			<Option target="GUIRoster"/>
			<Option target="jep0050-AdHocCommands"/>
			<Option target="jep0004-xdata"/>
			<Option target="Groupchat"/>
		</Unit>
		<Unit filename="wokjab\src\main.cc">
			<Option compilerVar="CC"/>
			<Option target="default"/>
		</Unit>
	</Project>
</CodeBlocks_project_file>
